{
  "name": "a",
  "version": "1.0.0",
  "lockfileVersion": 3,
  "requires": true,
  "packages": {
    "": {
      "name": "a",
      "version": "1.0.0",
      "license": "ISC",
      "dependencies": {
        "algo-httpserv": "1.1.0"
      }
    },
    "node_modules/algo-httpserv": {
      "version": "1.1.0",
      "resolved": "https://registry.npmjs.org/algo-httpserv/-/algo-httpserv-1.1.0.tgz",
      "integrity": "sha512-LCyfEEs6PX/Wy1GtM7pddVgYv8afeYd3eFSnqpjNBJNb8pVCBQmRJqgM8xCpiicjsHt1feOIHTPCZGgRWPJbJg==",
      "license": "MIT"
    }
  }
}
