{
  "name": "a",
  "version": "1.0.0",
  "lockfileVersion": 3,
  "requires": true,
  "packages": {
    "": {
      "name": "a",
      "version": "1.0.0",
      "license": "ISC",
      "dependencies": {
        "algo-httpserv": "^1.1.1"
      }
    },
    "node_modules/algo-httpserv": {
      "version": "1.2.1",
      "resolved": "https://registry.npmjs.org/algo-httpserv/-/algo-httpserv-1.2.1.tgz",
      "integrity": "sha512-T0jPSBQg6ou1jvA9j2wYFFjeqAoRSPVW5JvfDiSrmkfuNj2r7XNRW8+ufuUtx9vMMhMMd9sudp8+ViE072+1QQ=="
    }
  }
}
